schema: '2.0'
stages:
  preprocess:
    cmd: python src/preprocess.py
    deps:
    - path: data/online_sales_dataset.csv
      hash: md5
      md5: e851f3db5956e8f6e52898e9a74c5c46
      size: 6965414
    - path: params.yaml
      hash: md5
      md5: 70b68ce937340ceab1b32f43a591c666
      size: 2516
    - path: src/preprocess.py
      hash: md5
      md5: efc87e3f980fa2b50a889aada7e16cc1
      size: 9673
    outs:
    - path: data/processed/test.csv
      hash: md5
      md5: 8102ca0769a442dd8797352a0f621db0
      size: 2371208
    - path: data/processed/train.csv
      hash: md5
      md5: 2065cd46f6484fc0cfd913309f326da7
      size: 16976354
  train:
    cmd: python src/train.py
    deps:
    - path: data/processed/train.csv
      hash: md5
      md5: 2065cd46f6484fc0cfd913309f326da7
      size: 16976354
    - path: params.yaml
      hash: md5
      md5: 70b68ce937340ceab1b32f43a591c666
      size: 2516
    - path: src/train.py
      hash: md5
      md5: b8685fb926db0278c179e8845540bfe8
      size: 4502
    outs:
    - path: models/model.pkl
      hash: md5
      md5: 4e995456869fd5421212b229d0c7b8b8
      size: 34870841
  test:
    cmd: python src/test.py
    deps:
    - path: data/processed/test.csv
      hash: md5
      md5: 8102ca0769a442dd8797352a0f621db0
      size: 2371208
    - path: models/model.pkl
      hash: md5
      md5: b47ef31623787e9da131d2bca910a413
      size: 34871097
    - path: params.yaml
      hash: md5
      md5: 70b68ce937340ceab1b32f43a591c666
      size: 2516
    - path: src/test.py
      hash: md5
      md5: 4b02a7f02859d0bb396d91e9ee1203c9
      size: 2183
    outs:
    - path: experiments/results.json
      hash: md5
      md5: 7010bbfd8a8b734fbdee21dd28e9bd2b
      size: 231
    - path: metrics.json
      hash: md5
      md5: afa87f3d0e5224788f9864d845f50c54
      size: 180
  eda:
    cmd: python src/eda.py
    deps:
    - path: data/processed/test.csv
      hash: md5
      md5: 8102ca0769a442dd8797352a0f621db0
      size: 2371208
    - path: models/model.pkl
      hash: md5
      md5: 820d7bef121bf9a65360cba2276ba41c
      size: 35249177
    - path: models/preprocessor.pkl
      hash: md5
      md5: c4f942d6f33f2f744295bb90812d0020
      size: 3925
    - path: params.yaml
      hash: md5
      md5: 6975c1e6ed652551d05ad65a16f775bc
      size: 2516
    - path: src/eda.py
      hash: md5
      md5: df30c785e2a7fe06e400f50b012cdc82
      size: 44706
    outs:
    - path: reports
      hash: md5
      md5: 5cd7bf79f307475d5355d4770d9716a6.dir
      size: 358392
      nfiles: 11
